
Microsoft Visual Studio Solution File, Format Version 12.00
# Visual Studio Version 16
VisualStudioVersion = 16.0.31424.327
MinimumVisualStudioVersion = 10.0.40219.1
Project("{FAE04EC0-301F-11D3-BF4B-00C04F79EFBC}") = "Demo2Api", "Demo2Api\Demo2Api.csproj", "{FFF93DDB-503A-4FA2-8291-919EB28E7BC7}"
EndProject
Global
	GlobalSection(SolutionConfigurationPlatforms) = preSolution
		Debug|Any CPU = Debug|Any CPU
		Release|Any CPU = Release|Any CPU
	EndGlobalSection
	GlobalSection(ProjectConfigurationPlatforms) = postSolution
		{FFF93DDB-503A-4FA2-8291-919EB28E7BC7}.Debug|Any CPU.ActiveCfg = Debug|Any CPU
		{FFF93DDB-503A-4FA2-8291-919EB28E7BC7}.Debug|Any CPU.Build.0 = Debug|Any CPU
		{FFF93DDB-503A-4FA2-8291-919EB28E7BC7}.Release|Any CPU.ActiveCfg = Release|Any CPU
		{FFF93DDB-503A-4FA2-8291-919EB28E7BC7}.Release|Any CPU.Build.0 = Release|Any CPU
	EndGlobalSection
	GlobalSection(SolutionProperties) = preSolution
		HideSolutionNode = FALSE
	EndGlobalSection
	GlobalSection(ExtensibilityGlobals) = postSolution
		SolutionGuid = {4BEB8BD5-263F-4991-B764-26D4BFA87A8C}
	EndGlobalSection
EndGlobal
